// !$*UTF8*$!
{
	archiveVersion = 1;
	classes = {
	};
	objectVersion = 56;
	objects = {

/* Begin PBXBuildFile section */
		5517E30B2C8A3EE2008F2599 /* AudioPlayerService.swift in Sources */ = {isa = PBXBuildFile; fileRef = 5517E30A2C8A3EE2008F2599 /* AudioPlayerService.swift */; };
		5517E30E2C8A4D8E008F2599 /* ComposableArchitecture in Frameworks */ = {isa = PBXBuildFile; productRef = 5517E30D2C8A4D8E008F2599 /* ComposableArchitecture */; };
		5517E3102C8A4EAD008F2599 /* AudioPlayerFeature.swift in Sources */ = {isa = PBXBuildFile; fileRef = 5517E30F2C8A4EAD008F2599 /* AudioPlayerFeature.swift */; };
		5517E3132C8A52BB008F2599 /* PlayerState.swift in Sources */ = {isa = PBXBuildFile; fileRef = 5517E3122C8A52BB008F2599 /* PlayerState.swift */; };
		5517E3152C8A52CA008F2599 /* PlayerProgress.swift in Sources */ = {isa = PBXBuildFile; fileRef = 5517E3142C8A52CA008F2599 /* PlayerProgress.swift */; };
		5517E3172C8A615B008F2599 /* Summary.swift in Sources */ = {isa = PBXBuildFile; fileRef = 5517E3162C8A615B008F2599 /* Summary.swift */; };
		557D25A52C89113D006367EF /* BottomSheetView.swift in Sources */ = {isa = PBXBuildFile; fileRef = 557D25A42C89113D006367EF /* BottomSheetView.swift */; };
		557D25A72C89ADC1006367EF /* PlayerButtonStyle.swift in Sources */ = {isa = PBXBuildFile; fileRef = 557D25A62C89ADC1006367EF /* PlayerButtonStyle.swift */; };
		557D25A92C89BD83006367EF /* SpeedControlButtonStyle.swift in Sources */ = {isa = PBXBuildFile; fileRef = 557D25A82C89BD83006367EF /* SpeedControlButtonStyle.swift */; };
		557D25AC2C89C8C7006367EF /* PlaybackSpeedView.swift in Sources */ = {isa = PBXBuildFile; fileRef = 557D25AB2C89C8C7006367EF /* PlaybackSpeedView.swift */; };
		557D25AF2C89CEF3006367EF /* RoundedCorner.swift in Sources */ = {isa = PBXBuildFile; fileRef = 557D25AE2C89CEF3006367EF /* RoundedCorner.swift */; };
		557D25B22C89CF82006367EF /* SpeedButton.swift in Sources */ = {isa = PBXBuildFile; fileRef = 557D25B12C89CF82006367EF /* SpeedButton.swift */; };
		55C4504D2C8C64BC002FF65A /* ViewExtensions.swift in Sources */ = {isa = PBXBuildFile; fileRef = 55C4504C2C8C64BC002FF65A /* ViewExtensions.swift */; };
		55C450512C8C65A9002FF65A /* AudioPlayerService+Live.swift in Sources */ = {isa = PBXBuildFile; fileRef = 55C450502C8C65A9002FF65A /* AudioPlayerService+Live.swift */; };
		55C450592C8C98E0002FF65A /* DoubleExtensions.swift in Sources */ = {isa = PBXBuildFile; fileRef = 55C450582C8C98E0002FF65A /* DoubleExtensions.swift */; };
		55C7C40F2C88D51200A78DFF /* HeadwayAudioPlayerApp.swift in Sources */ = {isa = PBXBuildFile; fileRef = 55C7C40E2C88D51200A78DFF /* HeadwayAudioPlayerApp.swift */; };
		55C7C4112C88D51200A78DFF /* AudioPlayerView.swift in Sources */ = {isa = PBXBuildFile; fileRef = 55C7C4102C88D51200A78DFF /* AudioPlayerView.swift */; };
		55C7C4132C88D51400A78DFF /* Assets.xcassets in Resources */ = {isa = PBXBuildFile; fileRef = 55C7C4122C88D51400A78DFF /* Assets.xcassets */; };
/* End PBXBuildFile section */

/* Begin PBXFileReference section */
		5517E30A2C8A3EE2008F2599 /* AudioPlayerService.swift */ = {isa = PBXFileReference; lastKnownFileType = sourcecode.swift; path = AudioPlayerService.swift; sourceTree = "<group>"; };
		5517E30F2C8A4EAD008F2599 /* AudioPlayerFeature.swift */ = {isa = PBXFileReference; lastKnownFileType = sourcecode.swift; path = AudioPlayerFeature.swift; sourceTree = "<group>"; };
		5517E3122C8A52BB008F2599 /* PlayerState.swift */ = {isa = PBXFileReference; lastKnownFileType = sourcecode.swift; path = PlayerState.swift; sourceTree = "<group>"; };
		5517E3142C8A52CA008F2599 /* PlayerProgress.swift */ = {isa = PBXFileReference; lastKnownFileType = sourcecode.swift; path = PlayerProgress.swift; sourceTree = "<group>"; };
		5517E3162C8A615B008F2599 /* Summary.swift */ = {isa = PBXFileReference; lastKnownFileType = sourcecode.swift; path = Summary.swift; sourceTree = "<group>"; };
		557D25A42C89113D006367EF /* BottomSheetView.swift */ = {isa = PBXFileReference; lastKnownFileType = sourcecode.swift; path = BottomSheetView.swift; sourceTree = "<group>"; };
		557D25A62C89ADC1006367EF /* PlayerButtonStyle.swift */ = {isa = PBXFileReference; lastKnownFileType = sourcecode.swift; path = PlayerButtonStyle.swift; sourceTree = "<group>"; };
		557D25A82C89BD83006367EF /* SpeedControlButtonStyle.swift */ = {isa = PBXFileReference; lastKnownFileType = sourcecode.swift; path = SpeedControlButtonStyle.swift; sourceTree = "<group>"; };
		557D25AB2C89C8C7006367EF /* PlaybackSpeedView.swift */ = {isa = PBXFileReference; lastKnownFileType = sourcecode.swift; path = PlaybackSpeedView.swift; sourceTree = "<group>"; };
		557D25AE2C89CEF3006367EF /* RoundedCorner.swift */ = {isa = PBXFileReference; lastKnownFileType = sourcecode.swift; path = RoundedCorner.swift; sourceTree = "<group>"; };
		557D25B12C89CF82006367EF /* SpeedButton.swift */ = {isa = PBXFileReference; lastKnownFileType = sourcecode.swift; path = SpeedButton.swift; sourceTree = "<group>"; };
		55C450452C8C5CD7002FF65A /* Info.plist */ = {isa = PBXFileReference; lastKnownFileType = text.plist.xml; path = Info.plist; sourceTree = "<group>"; };
		55C4504C2C8C64BC002FF65A /* ViewExtensions.swift */ = {isa = PBXFileReference; lastKnownFileType = sourcecode.swift; path = ViewExtensions.swift; sourceTree = "<group>"; };
		55C450502C8C65A9002FF65A /* AudioPlayerService+Live.swift */ = {isa = PBXFileReference; lastKnownFileType = sourcecode.swift; path = "AudioPlayerService+Live.swift"; sourceTree = "<group>"; };
		55C450582C8C98E0002FF65A /* DoubleExtensions.swift */ = {isa = PBXFileReference; lastKnownFileType = sourcecode.swift; path = DoubleExtensions.swift; sourceTree = "<group>"; };
		55C7C40B2C88D51200A78DFF /* HeadwayAudioPlayer.app */ = {isa = PBXFileReference; explicitFileType = wrapper.application; includeInIndex = 0; path = HeadwayAudioPlayer.app; sourceTree = BUILT_PRODUCTS_DIR; };
		55C7C40E2C88D51200A78DFF /* HeadwayAudioPlayerApp.swift */ = {isa = PBXFileReference; lastKnownFileType = sourcecode.swift; path = HeadwayAudioPlayerApp.swift; sourceTree = "<group>"; };
		55C7C4102C88D51200A78DFF /* AudioPlayerView.swift */ = {isa = PBXFileReference; lastKnownFileType = sourcecode.swift; path = AudioPlayerView.swift; sourceTree = "<group>"; };
		55C7C4122C88D51400A78DFF /* Assets.xcassets */ = {isa = PBXFileReference; lastKnownFileType = folder.assetcatalog; path = Assets.xcassets; sourceTree = "<group>"; };
/* End PBXFileReference section */

/* Begin PBXFrameworksBuildPhase section */
		55C7C4082C88D51200A78DFF /* Frameworks */ = {
			isa = PBXFrameworksBuildPhase;
			buildActionMask = 2147483647;
			files = (
				5517E30E2C8A4D8E008F2599 /* ComposableArchitecture in Frameworks */,
			);
			runOnlyForDeploymentPostprocessing = 0;
		};
/* End PBXFrameworksBuildPhase section */

/* Begin PBXGroup section */
		5517E3112C8A52B1008F2599 /* Models */ = {
			isa = PBXGroup;
			children = (
				5517E3122C8A52BB008F2599 /* PlayerState.swift */,
				5517E3142C8A52CA008F2599 /* PlayerProgress.swift */,
				5517E3162C8A615B008F2599 /* Summary.swift */,
			);
			path = Models;
			sourceTree = "<group>";
		};
		557D25AA2C89BD91006367EF /* ButtonStyles */ = {
			isa = PBXGroup;
			children = (
				557D25A62C89ADC1006367EF /* PlayerButtonStyle.swift */,
				557D25A82C89BD83006367EF /* SpeedControlButtonStyle.swift */,
			);
			path = ButtonStyles;
			sourceTree = "<group>";
		};
		557D25AD2C89CEE9006367EF /* Shape */ = {
			isa = PBXGroup;
			children = (
				557D25AE2C89CEF3006367EF /* RoundedCorner.swift */,
			);
			path = Shape;
			sourceTree = "<group>";
		};
		557D25B02C89CF63006367EF /* BottomSheet */ = {
			isa = PBXGroup;
			children = (
				557D25A42C89113D006367EF /* BottomSheetView.swift */,
			);
			path = BottomSheet;
			sourceTree = "<group>";
		};
		55C450402C8C5C6C002FF65A /* Resources */ = {
			isa = PBXGroup;
			children = (
				55C450452C8C5CD7002FF65A /* Info.plist */,
				55C7C4122C88D51400A78DFF /* Assets.xcassets */,
			);
			path = Resources;
			sourceTree = "<group>";
		};
		55C4504B2C8C64A6002FF65A /* Extensions */ = {
			isa = PBXGroup;
			children = (
				55C4504C2C8C64BC002FF65A /* ViewExtensions.swift */,
				55C450582C8C98E0002FF65A /* DoubleExtensions.swift */,
			);
			path = Extensions;
			sourceTree = "<group>";
		};
		55C4504F2C8C6519002FF65A /* Services */ = {
			isa = PBXGroup;
			children = (
				55C450552C8C6BC3002FF65A /* AudioPlayer */,
			);
			path = Services;
			sourceTree = "<group>";
		};
		55C450522C8C6AD1002FF65A /* Features */ = {
			isa = PBXGroup;
			children = (
				55C450542C8C6BB8002FF65A /* AudioPlayer */,
				55C4505A2C8CA66F002FF65A /* PlaybackSpeed */,
			);
			path = Features;
			sourceTree = "<group>";
		};
		55C450532C8C6B24002FF65A /* Components */ = {
			isa = PBXGroup;
			children = (
				557D25B02C89CF63006367EF /* BottomSheet */,
				557D25AD2C89CEE9006367EF /* Shape */,
				557D25AA2C89BD91006367EF /* ButtonStyles */,
			);
			path = Components;
			sourceTree = "<group>";
		};
		55C450542C8C6BB8002FF65A /* AudioPlayer */ = {
			isa = PBXGroup;
			children = (
				5517E30F2C8A4EAD008F2599 /* AudioPlayerFeature.swift */,
				55C7C4102C88D51200A78DFF /* AudioPlayerView.swift */,
			);
			path = AudioPlayer;
			sourceTree = "<group>";
		};
		55C450552C8C6BC3002FF65A /* AudioPlayer */ = {
			isa = PBXGroup;
			children = (
				5517E30A2C8A3EE2008F2599 /* AudioPlayerService.swift */,
				55C450502C8C65A9002FF65A /* AudioPlayerService+Live.swift */,
			);
			path = AudioPlayer;
			sourceTree = "<group>";
		};
		55C4505A2C8CA66F002FF65A /* PlaybackSpeed */ = {
			isa = PBXGroup;
			children = (
				557D25B12C89CF82006367EF /* SpeedButton.swift */,
				557D25AB2C89C8C7006367EF /* PlaybackSpeedView.swift */,
			);
			path = PlaybackSpeed;
			sourceTree = "<group>";
		};
		55C7C4022C88D51200A78DFF = {
			isa = PBXGroup;
			children = (
				55C7C40D2C88D51200A78DFF /* HeadwayAudioPlayer */,
				55C7C40C2C88D51200A78DFF /* Products */,
			);
			sourceTree = "<group>";
		};
		55C7C40C2C88D51200A78DFF /* Products */ = {
			isa = PBXGroup;
			children = (
				55C7C40B2C88D51200A78DFF /* HeadwayAudioPlayer.app */,
			);
			name = Products;
			sourceTree = "<group>";
		};
		55C7C40D2C88D51200A78DFF /* HeadwayAudioPlayer */ = {
			isa = PBXGroup;
			children = (
				55C7C40E2C88D51200A78DFF /* HeadwayAudioPlayerApp.swift */,
				55C450522C8C6AD1002FF65A /* Features */,
				55C4504F2C8C6519002FF65A /* Services */,
				5517E3112C8A52B1008F2599 /* Models */,
				55C450532C8C6B24002FF65A /* Components */,
				55C4504B2C8C64A6002FF65A /* Extensions */,
				55C450402C8C5C6C002FF65A /* Resources */,
			);
			path = HeadwayAudioPlayer;
			sourceTree = "<group>";
		};
/* End PBXGroup section */

/* Begin PBXNativeTarget section */
		55C7C40A2C88D51200A78DFF /* HeadwayAudioPlayer */ = {
			isa = PBXNativeTarget;
			buildConfigurationList = 55C7C4192C88D51400A78DFF /* Build configuration list for PBXNativeTarget "HeadwayAudioPlayer" */;
			buildPhases = (
				55C7C4072C88D51200A78DFF /* Sources */,
				55C7C4082C88D51200A78DFF /* Frameworks */,
				55C7C4092C88D51200A78DFF /* Resources */,
			);
			buildRules = (
			);
			dependencies = (
			);
			name = HeadwayAudioPlayer;
			packageProductDependencies = (
				5517E30D2C8A4D8E008F2599 /* ComposableArchitecture */,
			);
			productName = HeadwayAudioPlayer;
			productReference = 55C7C40B2C88D51200A78DFF /* HeadwayAudioPlayer.app */;
			productType = "com.apple.product-type.application";
		};
/* End PBXNativeTarget section */

/* Begin PBXProject section */
		55C7C4032C88D51200A78DFF /* Project object */ = {
			isa = PBXProject;
			attributes = {
				BuildIndependentTargetsInParallel = 1;
				LastSwiftUpdateCheck = 1540;
				LastUpgradeCheck = 1540;
				TargetAttributes = {
					55C7C40A2C88D51200A78DFF = {
						CreatedOnToolsVersion = 15.4;
					};
				};
			};
			buildConfigurationList = 55C7C4062C88D51200A78DFF /* Build configuration list for PBXProject "HeadwayAudioPlayer" */;
			compatibilityVersion = "Xcode 14.0";
			developmentRegion = en;
			hasScannedForEncodings = 0;
			knownRegions = (
				en,
				Base,
			);
			mainGroup = 55C7C4022C88D51200A78DFF;
			packageReferences = (
				5517E30C2C8A4D8E008F2599 /* XCRemoteSwiftPackageReference "swift-composable-architecture" */,
			);
			productRefGroup = 55C7C40C2C88D51200A78DFF /* Products */;
			projectDirPath = "";
			projectRoot = "";
			targets = (
				55C7C40A2C88D51200A78DFF /* HeadwayAudioPlayer */,
			);
		};
/* End PBXProject section */

/* Begin PBXResourcesBuildPhase section */
		55C7C4092C88D51200A78DFF /* Resources */ = {
			isa = PBXResourcesBuildPhase;
			buildActionMask = 2147483647;
			files = (
				55C7C4132C88D51400A78DFF /* Assets.xcassets in Resources */,
			);
			runOnlyForDeploymentPostprocessing = 0;
		};
/* End PBXResourcesBuildPhase section */

/* Begin PBXSourcesBuildPhase section */
		55C7C4072C88D51200A78DFF /* Sources */ = {
			isa = PBXSourcesBuildPhase;
			buildActionMask = 2147483647;
			files = (
				557D25A72C89ADC1006367EF /* PlayerButtonStyle.swift in Sources */,
				557D25B22C89CF82006367EF /* SpeedButton.swift in Sources */,
				5517E3132C8A52BB008F2599 /* PlayerState.swift in Sources */,
				5517E3172C8A615B008F2599 /* Summary.swift in Sources */,
				5517E30B2C8A3EE2008F2599 /* AudioPlayerService.swift in Sources */,
				557D25AC2C89C8C7006367EF /* PlaybackSpeedView.swift in Sources */,
				55C7C4112C88D51200A78DFF /* AudioPlayerView.swift in Sources */,
				55C7C40F2C88D51200A78DFF /* HeadwayAudioPlayerApp.swift in Sources */,
				55C4504D2C8C64BC002FF65A /* ViewExtensions.swift in Sources */,
				557D25A92C89BD83006367EF /* SpeedControlButtonStyle.swift in Sources */,
				557D25A52C89113D006367EF /* BottomSheetView.swift in Sources */,
				55C450592C8C98E0002FF65A /* DoubleExtensions.swift in Sources */,
				55C450512C8C65A9002FF65A /* AudioPlayerService+Live.swift in Sources */,
				5517E3152C8A52CA008F2599 /* PlayerProgress.swift in Sources */,
				5517E3102C8A4EAD008F2599 /* AudioPlayerFeature.swift in Sources */,
				557D25AF2C89CEF3006367EF /* RoundedCorner.swift in Sources */,
			);
			runOnlyForDeploymentPostprocessing = 0;
		};
/* End PBXSourcesBuildPhase section */

/* Begin XCBuildConfiguration section */
		55C7C4172C88D51400A78DFF /* Debug */ = {
			isa = XCBuildConfiguration;
			buildSettings = {
				ALWAYS_SEARCH_USER_PATHS = NO;
				ASSETCATALOG_COMPILER_GENERATE_SWIFT_ASSET_SYMBOL_EXTENSIONS = YES;
				CLANG_ANALYZER_NONNULL = YES;
				CLANG_ANALYZER_NUMBER_OBJECT_CONVERSION = YES_AGGRESSIVE;
				CLANG_CXX_LANGUAGE_STANDARD = "gnu++20";
				CLANG_ENABLE_MODULES = YES;
				CLANG_ENABLE_OBJC_ARC = YES;
				CLANG_ENABLE_OBJC_WEAK = YES;
				CLANG_WARN_BLOCK_CAPTURE_AUTORELEASING = YES;
				CLANG_WARN_BOOL_CONVERSION = YES;
				CLANG_WARN_COMMA = YES;
				CLANG_WARN_CONSTANT_CONVERSION = YES;
				CLANG_WARN_DEPRECATED_OBJC_IMPLEMENTATIONS = YES;
				CLANG_WARN_DIRECT_OBJC_ISA_USAGE = YES_ERROR;
				CLANG_WARN_DOCUMENTATION_COMMENTS = YES;
				CLANG_WARN_EMPTY_BODY = YES;
				CLANG_WARN_ENUM_CONVERSION = YES;
				CLANG_WARN_INFINITE_RECURSION = YES;
				CLANG_WARN_INT_CONVERSION = YES;
				CLANG_WARN_NON_LITERAL_NULL_CONVERSION = YES;
				CLANG_WARN_OBJC_IMPLICIT_RETAIN_SELF = YES;
				CLANG_WARN_OBJC_LITERAL_CONVERSION = YES;
				CLANG_WARN_OBJC_ROOT_CLASS = YES_ERROR;
				CLANG_WARN_QUOTED_INCLUDE_IN_FRAMEWORK_HEADER = YES;
				CLANG_WARN_RANGE_LOOP_ANALYSIS = YES;
				CLANG_WARN_STRICT_PROTOTYPES = YES;
				CLANG_WARN_SUSPICIOUS_MOVE = YES;
				CLANG_WARN_UNGUARDED_AVAILABILITY = YES_AGGRESSIVE;
				CLANG_WARN_UNREACHABLE_CODE = YES;
				CLANG_WARN__DUPLICATE_METHOD_MATCH = YES;
				COPY_PHASE_STRIP = NO;
				DEBUG_INFORMATION_FORMAT = dwarf;
				ENABLE_STRICT_OBJC_MSGSEND = YES;
				ENABLE_TESTABILITY = YES;
				ENABLE_USER_SCRIPT_SANDBOXING = YES;
				GCC_C_LANGUAGE_STANDARD = gnu17;
				GCC_DYNAMIC_NO_PIC = NO;
				GCC_NO_COMMON_BLOCKS = YES;
				GCC_OPTIMIZATION_LEVEL = 0;
				GCC_PREPROCESSOR_DEFINITIONS = (
					"DEBUG=1",
					"$(inherited)",
				);
				GCC_WARN_64_TO_32_BIT_CONVERSION = YES;
				GCC_WARN_ABOUT_RETURN_TYPE = YES_ERROR;
				GCC_WARN_UNDECLARED_SELECTOR = YES;
				GCC_WARN_UNINITIALIZED_AUTOS = YES_AGGRESSIVE;
				GCC_WARN_UNUSED_FUNCTION = YES;
				GCC_WARN_UNUSED_VARIABLE = YES;
				IPHONEOS_DEPLOYMENT_TARGET = 15.0;
				LOCALIZATION_PREFERS_STRING_CATALOGS = YES;
				MTL_ENABLE_DEBUG_INFO = INCLUDE_SOURCE;
				MTL_FAST_MATH = YES;
				ONLY_ACTIVE_ARCH = YES;
				SDKROOT = iphoneos;
				SWIFT_ACTIVE_COMPILATION_CONDITIONS = "DEBUG $(inherited)";
				SWIFT_OPTIMIZATION_LEVEL = "-Onone";
			};
			name = Debug;
		};
		55C7C4182C88D51400A78DFF /* Release */ = {
			isa = XCBuildConfiguration;
			buildSettings = {
				ALWAYS_SEARCH_USER_PATHS = NO;
				ASSETCATALOG_COMPILER_GENERATE_SWIFT_ASSET_SYMBOL_EXTENSIONS = YES;
				CLANG_ANALYZER_NONNULL = YES;
				CLANG_ANALYZER_NUMBER_OBJECT_CONVERSION = YES_AGGRESSIVE;
				CLANG_CXX_LANGUAGE_STANDARD = "gnu++20";
				CLANG_ENABLE_MODULES = YES;
				CLANG_ENABLE_OBJC_ARC = YES;
				CLANG_ENABLE_OBJC_WEAK = YES;
				CLANG_WARN_BLOCK_CAPTURE_AUTORELEASING = YES;
				CLANG_WARN_BOOL_CONVERSION = YES;
				CLANG_WARN_COMMA = YES;
				CLANG_WARN_CONSTANT_CONVERSION = YES;
				CLANG_WARN_DEPRECATED_OBJC_IMPLEMENTATIONS = YES;
				CLANG_WARN_DIRECT_OBJC_ISA_USAGE = YES_ERROR;
				CLANG_WARN_DOCUMENTATION_COMMENTS = YES;
				CLANG_WARN_EMPTY_BODY = YES;
				CLANG_WARN_ENUM_CONVERSION = YES;
				CLANG_WARN_INFINITE_RECURSION = YES;
				CLANG_WARN_INT_CONVERSION = YES;
				CLANG_WARN_NON_LITERAL_NULL_CONVERSION = YES;
				CLANG_WARN_OBJC_IMPLICIT_RETAIN_SELF = YES;
				CLANG_WARN_OBJC_LITERAL_CONVERSION = YES;
				CLANG_WARN_OBJC_ROOT_CLASS = YES_ERROR;
				CLANG_WARN_QUOTED_INCLUDE_IN_FRAMEWORK_HEADER = YES;
				CLANG_WARN_RANGE_LOOP_ANALYSIS = YES;
				CLANG_WARN_STRICT_PROTOTYPES = YES;
				CLANG_WARN_SUSPICIOUS_MOVE = YES;
				CLANG_WARN_UNGUARDED_AVAILABILITY = YES_AGGRESSIVE;
				CLANG_WARN_UNREACHABLE_CODE = YES;
				CLANG_WARN__DUPLICATE_METHOD_MATCH = YES;
				COPY_PHASE_STRIP = NO;
				DEBUG_INFORMATION_FORMAT = "dwarf-with-dsym";
				ENABLE_NS_ASSERTIONS = NO;
				ENABLE_STRICT_OBJC_MSGSEND = YES;
				ENABLE_USER_SCRIPT_SANDBOXING = YES;
				GCC_C_LANGUAGE_STANDARD = gnu17;
				GCC_NO_COMMON_BLOCKS = YES;
				GCC_WARN_64_TO_32_BIT_CONVERSION = YES;
				GCC_WARN_ABOUT_RETURN_TYPE = YES_ERROR;
				GCC_WARN_UNDECLARED_SELECTOR = YES;
				GCC_WARN_UNINITIALIZED_AUTOS = YES_AGGRESSIVE;
				GCC_WARN_UNUSED_FUNCTION = YES;
				GCC_WARN_UNUSED_VARIABLE = YES;
				IPHONEOS_DEPLOYMENT_TARGET = 15.0;
				LOCALIZATION_PREFERS_STRING_CATALOGS = YES;
				MTL_ENABLE_DEBUG_INFO = NO;
				MTL_FAST_MATH = YES;
				SDKROOT = iphoneos;
				SWIFT_COMPILATION_MODE = wholemodule;
				VALIDATE_PRODUCT = YES;
			};
			name = Release;
		};
		55C7C41A2C88D51400A78DFF /* Debug */ = {
			isa = XCBuildConfiguration;
			buildSettings = {
				ASSETCATALOG_COMPILER_APPICON_NAME = AppIcon;
				ASSETCATALOG_COMPILER_GLOBAL_ACCENT_COLOR_NAME = AccentColor;
				CODE_SIGN_STYLE = Automatic;
				CURRENT_PROJECT_VERSION = 1;
				DEVELOPMENT_ASSET_PATHS = "";
				DEVELOPMENT_TEAM = 7KFHN9UQ5P;
				ENABLE_PREVIEWS = YES;
				GENERATE_INFOPLIST_FILE = YES;
				INFOPLIST_FILE = HeadwayAudioPlayer/Resources/Info.plist;
				INFOPLIST_KEY_UIApplicationSceneManifest_Generation = YES;
				INFOPLIST_KEY_UIApplicationSupportsIndirectInputEvents = YES;
				INFOPLIST_KEY_UILaunchScreen_Generation = YES;
				INFOPLIST_KEY_UISupportedInterfaceOrientations = UIInterfaceOrientationPortrait;
				INFOPLIST_KEY_UISupportedInterfaceOrientations_iPad = "UIInterfaceOrientationLandscapeLeft UIInterfaceOrientationLandscapeRight UIInterfaceOrientationPortrait UIInterfaceOrientationPortraitUpsideDown";
				INFOPLIST_KEY_UIUserInterfaceStyle = Light;
				IPHONEOS_DEPLOYMENT_TARGET = 15.0;
				LD_RUNPATH_SEARCH_PATHS = (
					"$(inherited)",
					"@executable_path/Frameworks",
				);
				MARKETING_VERSION = 1.0;
				PRODUCT_BUNDLE_IDENTIFIER = com.holovash.HeadwayAudioPlayer;
				PRODUCT_NAME = "$(TARGET_NAME)";
				SUPPORTED_PLATFORMS = "iphoneos iphonesimulator";
				SUPPORTS_MACCATALYST = NO;
				SUPPORTS_MAC_DESIGNED_FOR_IPHONE_IPAD = NO;
				SUPPORTS_XR_DESIGNED_FOR_IPHONE_IPAD = NO;
				SWIFT_EMIT_LOC_STRINGS = YES;
				SWIFT_VERSION = 5.0;
				TARGETED_DEVICE_FAMILY = 1;
			};
			name = Debug;
		};
		55C7C41B2C88D51400A78DFF /* Release */ = {
			isa = XCBuildConfiguration;
			buildSettings = {
				ASSETCATALOG_COMPILER_APPICON_NAME = AppIcon;
				ASSETCATALOG_COMPILER_GLOBAL_ACCENT_COLOR_NAME = AccentColor;
				CODE_SIGN_STYLE = Automatic;
				CURRENT_PROJECT_VERSION = 1;
				DEVELOPMENT_ASSET_PATHS = "";
				DEVELOPMENT_TEAM = 7KFHN9UQ5P;
				ENABLE_PREVIEWS = YES;
				GENERATE_INFOPLIST_FILE = YES;
				INFOPLIST_FILE = HeadwayAudioPlayer/Resources/Info.plist;
				INFOPLIST_KEY_UIApplicationSceneManifest_Generation = YES;
				INFOPLIST_KEY_UIApplicationSupportsIndirectInputEvents = YES;
				INFOPLIST_KEY_UILaunchScreen_Generation = YES;
				INFOPLIST_KEY_UISupportedInterfaceOrientations = UIInterfaceOrientationPortrait;
				INFOPLIST_KEY_UISupportedInterfaceOrientations_iPad = "UIInterfaceOrientationLandscapeLeft UIInterfaceOrientationLandscapeRight UIInterfaceOrientationPortrait UIInterfaceOrientationPortraitUpsideDown";
				INFOPLIST_KEY_UIUserInterfaceStyle = Light;
				IPHONEOS_DEPLOYMENT_TARGET = 15.0;
				LD_RUNPATH_SEARCH_PATHS = (
					"$(inherited)",
					"@executable_path/Frameworks",
				);
				MARKETING_VERSION = 1.0;
				PRODUCT_BUNDLE_IDENTIFIER = com.holovash.HeadwayAudioPlayer;
				PRODUCT_NAME = "$(TARGET_NAME)";
				SUPPORTED_PLATFORMS = "iphoneos iphonesimulator";
				SUPPORTS_MACCATALYST = NO;
				SUPPORTS_MAC_DESIGNED_FOR_IPHONE_IPAD = NO;
				SUPPORTS_XR_DESIGNED_FOR_IPHONE_IPAD = NO;
				SWIFT_EMIT_LOC_STRINGS = YES;
				SWIFT_VERSION = 5.0;
				TARGETED_DEVICE_FAMILY = 1;
			};
			name = Release;
		};
/* End XCBuildConfiguration section */

/* Begin XCConfigurationList section */
		55C7C4062C88D51200A78DFF /* Build configuration list for PBXProject "HeadwayAudioPlayer" */ = {
			isa = XCConfigurationList;
			buildConfigurations = (
				55C7C4172C88D51400A78DFF /* Debug */,
				55C7C4182C88D51400A78DFF /* Release */,
			);
			defaultConfigurationIsVisible = 0;
			defaultConfigurationName = Release;
		};
		55C7C4192C88D51400A78DFF /* Build configuration list for PBXNativeTarget "HeadwayAudioPlayer" */ = {
			isa = XCConfigurationList;
			buildConfigurations = (
				55C7C41A2C88D51400A78DFF /* Debug */,
				55C7C41B2C88D51400A78DFF /* Release */,
			);
			defaultConfigurationIsVisible = 0;
			defaultConfigurationName = Release;
		};
/* End XCConfigurationList section */

/* Begin XCRemoteSwiftPackageReference section */
		5517E30C2C8A4D8E008F2599 /* XCRemoteSwiftPackageReference "swift-composable-architecture" */ = {
			isa = XCRemoteSwiftPackageReference;
			repositoryURL = "https://github.com/pointfreeco/swift-composable-architecture";
			requirement = {
				kind = exactVersion;
				version = 1.14.0;
			};
		};
/* End XCRemoteSwiftPackageReference section */

/* Begin XCSwiftPackageProductDependency section */
		5517E30D2C8A4D8E008F2599 /* ComposableArchitecture */ = {
			isa = XCSwiftPackageProductDependency;
			package = 5517E30C2C8A4D8E008F2599 /* XCRemoteSwiftPackageReference "swift-composable-architecture" */;
			productName = ComposableArchitecture;
		};
/* End XCSwiftPackageProductDependency section */
	};
	rootObject = 55C7C4032C88D51200A78DFF /* Project object */;
}
